{
  "originHash" : "0a5969f1dec32fab48a6dc8b6e0db051261ab6441bf64ad564de7101c89dece3",
  "pins" : [
    {
      "identity" : "rxswiftawait",
      "kind" : "remoteSourceControl",
      "location" : "https://github.com/isaac-weisberg/RxSwiftAwait/",
      "state" : {
        "revision" : "15ddc7411676b7700e7df6443f4ca59c1fb2ed8a",
        "version" : "6.9.4"
      }
    }
  ],
  "version" : 3
}
