{
  "originHash" : "0a5969f1dec32fab48a6dc8b6e0db051261ab6441bf64ad564de7101c89dece3",
  "pins" : [
    {
      "identity" : "rxswiftawait",
      "kind" : "remoteSourceControl",
      "location" : "https://github.com/isaac-weisberg/RxSwiftAwait/",
      "state" : {
        "revision" : "558dfb41b3360a6b5f20b8bbdd72872f1a5dde98",
        "version" : "6.9.2"
      }
    }
  ],
  "version" : 3
}
